
Microsoft Visual Studio Solution File, Format Version 12.00
# Visual Studio Version 17
VisualStudioVersion = 17.0.32014.148
MinimumVisualStudioVersion = 10.0.40219.1
Project("{9A19103F-16F7-4668-BE54-9A1E7A4F7556}") = "3DGence", "3DGence\3DGence.csproj", "{A9E07E03-0204-43B4-A01A-5E8286B01E21}"
EndProject
Project("{9A19103F-16F7-4668-BE54-9A1E7A4F7556}") = "3DGence.Core", "3DGence.Core\3DGence.Core.csproj", "{A7F21D12-3E91-414A-AA5A-14DF7B05FEDA}"
EndProject
Project("{9A19103F-16F7-4668-BE54-9A1E7A4F7556}") = "3DGence.data", "3DGence.data\3DGence.data.csproj", "{22F1D0EA-830A-4D58-AD50-8E03EAFD0B45}"
EndProject
Global
	GlobalSection(SolutionConfigurationPlatforms) = preSolution
		Debug|Any CPU = Debug|Any CPU
		Release|Any CPU = Release|Any CPU
	EndGlobalSection
	GlobalSection(ProjectConfigurationPlatforms) = postSolution
		{A9E07E03-0204-43B4-A01A-5E8286B01E21}.Debug|Any CPU.ActiveCfg = Debug|Any CPU
		{A9E07E03-0204-43B4-A01A-5E8286B01E21}.Debug|Any CPU.Build.0 = Debug|Any CPU
		{A9E07E03-0204-43B4-A01A-5E8286B01E21}.Release|Any CPU.ActiveCfg = Release|Any CPU
		{A9E07E03-0204-43B4-A01A-5E8286B01E21}.Release|Any CPU.Build.0 = Release|Any CPU
		{A7F21D12-3E91-414A-AA5A-14DF7B05FEDA}.Debug|Any CPU.ActiveCfg = Debug|Any CPU
		{A7F21D12-3E91-414A-AA5A-14DF7B05FEDA}.Debug|Any CPU.Build.0 = Debug|Any CPU
		{A7F21D12-3E91-414A-AA5A-14DF7B05FEDA}.Release|Any CPU.ActiveCfg = Release|Any CPU
		{A7F21D12-3E91-414A-AA5A-14DF7B05FEDA}.Release|Any CPU.Build.0 = Release|Any CPU
		{22F1D0EA-830A-4D58-AD50-8E03EAFD0B45}.Debug|Any CPU.ActiveCfg = Debug|Any CPU
		{22F1D0EA-830A-4D58-AD50-8E03EAFD0B45}.Debug|Any CPU.Build.0 = Debug|Any CPU
		{22F1D0EA-830A-4D58-AD50-8E03EAFD0B45}.Release|Any CPU.ActiveCfg = Release|Any CPU
		{22F1D0EA-830A-4D58-AD50-8E03EAFD0B45}.Release|Any CPU.Build.0 = Release|Any CPU
	EndGlobalSection
	GlobalSection(SolutionProperties) = preSolution
		HideSolutionNode = FALSE
	EndGlobalSection
	GlobalSection(ExtensibilityGlobals) = postSolution
		SolutionGuid = {7A967FD0-E200-4B58-91E0-0DF7A5822894}
	EndGlobalSection
EndGlobal
